
Microsoft Visual Studio Solution File, Format Version 12.00
# Visual Studio 2015
Project("{FAE04EC0-301F-11D3-BF4B-00C04F79EFBC}") = "VR-Martial-Arts.CSharp.Plugins", "VR-Martial-Arts.CSharp.Plugins.csproj", "{48F0B66C-C533-2514-936F-ACBF02511203}"
EndProject
Project("{FAE04EC0-301F-11D3-BF4B-00C04F79EFBC}") = "VR-Martial-Arts.CSharp", "VR-Martial-Arts.CSharp.csproj", "{8DD2AFD7-DA82-2067-3ECF-AED302C87BAA}"
EndProject
Project("{FAE04EC0-301F-11D3-BF4B-00C04F79EFBC}") = "VR-Martial-Arts.CSharp.Editor.Plugins", "VR-Martial-Arts.CSharp.Editor.Plugins.csproj", "{D78D7C28-9B62-1E54-F5CC-05ED247081AB}"
EndProject
Project("{FAE04EC0-301F-11D3-BF4B-00C04F79EFBC}") = "VR-Martial-Arts.CSharp.Editor", "VR-Martial-Arts.CSharp.Editor.csproj", "{5601CEA0-D852-6E45-1FB9-447467017F44}"
EndProject
Global
	GlobalSection(SolutionConfigurationPlatforms) = preSolution
		Debug|Any CPU = Debug|Any CPU
		Release|Any CPU = Release|Any CPU
	EndGlobalSection
	GlobalSection(ProjectConfigurationPlatforms) = postSolution
		{48F0B66C-C533-2514-936F-ACBF02511203}.Debug|Any CPU.ActiveCfg = Debug|Any CPU
		{48F0B66C-C533-2514-936F-ACBF02511203}.Debug|Any CPU.Build.0 = Debug|Any CPU
		{48F0B66C-C533-2514-936F-ACBF02511203}.Release|Any CPU.ActiveCfg = Release|Any CPU
		{48F0B66C-C533-2514-936F-ACBF02511203}.Release|Any CPU.Build.0 = Release|Any CPU
		{8DD2AFD7-DA82-2067-3ECF-AED302C87BAA}.Debug|Any CPU.ActiveCfg = Debug|Any CPU
		{8DD2AFD7-DA82-2067-3ECF-AED302C87BAA}.Debug|Any CPU.Build.0 = Debug|Any CPU
		{8DD2AFD7-DA82-2067-3ECF-AED302C87BAA}.Release|Any CPU.ActiveCfg = Release|Any CPU
		{8DD2AFD7-DA82-2067-3ECF-AED302C87BAA}.Release|Any CPU.Build.0 = Release|Any CPU
		{D78D7C28-9B62-1E54-F5CC-05ED247081AB}.Debug|Any CPU.ActiveCfg = Debug|Any CPU
		{D78D7C28-9B62-1E54-F5CC-05ED247081AB}.Debug|Any CPU.Build.0 = Debug|Any CPU
		{D78D7C28-9B62-1E54-F5CC-05ED247081AB}.Release|Any CPU.ActiveCfg = Release|Any CPU
		{D78D7C28-9B62-1E54-F5CC-05ED247081AB}.Release|Any CPU.Build.0 = Release|Any CPU
		{5601CEA0-D852-6E45-1FB9-447467017F44}.Debug|Any CPU.ActiveCfg = Debug|Any CPU
		{5601CEA0-D852-6E45-1FB9-447467017F44}.Debug|Any CPU.Build.0 = Debug|Any CPU
		{5601CEA0-D852-6E45-1FB9-447467017F44}.Release|Any CPU.ActiveCfg = Release|Any CPU
		{5601CEA0-D852-6E45-1FB9-447467017F44}.Release|Any CPU.Build.0 = Release|Any CPU
	EndGlobalSection
	GlobalSection(SolutionProperties) = preSolution
		HideSolutionNode = FALSE
	EndGlobalSection
EndGlobal
