
Microsoft Visual Studio Solution File, Format Version 12.00
# Visual Studio 2015
Project("{FAE04EC0-301F-11D3-BF4B-00C04F79EFBC}") = "VR-Martial-Arts.Plugins", "VR-Martial-Arts.Plugins.csproj", "{8603694D-BAB8-97F0-0C24-0C6A08BA1A76}"
EndProject
Project("{FAE04EC0-301F-11D3-BF4B-00C04F79EFBC}") = "VR-Martial-Arts", "VR-Martial-Arts.csproj", "{85DDC726-744C-4177-4027-920800FCC0FF}"
EndProject
Project("{FAE04EC0-301F-11D3-BF4B-00C04F79EFBC}") = "VR-Martial-Arts.Editor.Plugins", "VR-Martial-Arts.Editor.Plugins.csproj", "{DF17306B-A368-D258-4C4D-AAC6092D1F54}"
EndProject
Project("{FAE04EC0-301F-11D3-BF4B-00C04F79EFBC}") = "VR-Martial-Arts.Editor", "VR-Martial-Arts.Editor.csproj", "{B895F498-5B97-8021-9141-059C049541B6}"
EndProject
Global
	GlobalSection(SolutionConfigurationPlatforms) = preSolution
		Debug|Any CPU = Debug|Any CPU
		Release|Any CPU = Release|Any CPU
	EndGlobalSection
	GlobalSection(ProjectConfigurationPlatforms) = postSolution
		{8603694D-BAB8-97F0-0C24-0C6A08BA1A76}.Debug|Any CPU.ActiveCfg = Debug|Any CPU
		{8603694D-BAB8-97F0-0C24-0C6A08BA1A76}.Debug|Any CPU.Build.0 = Debug|Any CPU
		{8603694D-BAB8-97F0-0C24-0C6A08BA1A76}.Release|Any CPU.ActiveCfg = Release|Any CPU
		{8603694D-BAB8-97F0-0C24-0C6A08BA1A76}.Release|Any CPU.Build.0 = Release|Any CPU
		{85DDC726-744C-4177-4027-920800FCC0FF}.Debug|Any CPU.ActiveCfg = Debug|Any CPU
		{85DDC726-744C-4177-4027-920800FCC0FF}.Debug|Any CPU.Build.0 = Debug|Any CPU
		{85DDC726-744C-4177-4027-920800FCC0FF}.Release|Any CPU.ActiveCfg = Release|Any CPU
		{85DDC726-744C-4177-4027-920800FCC0FF}.Release|Any CPU.Build.0 = Release|Any CPU
		{DF17306B-A368-D258-4C4D-AAC6092D1F54}.Debug|Any CPU.ActiveCfg = Debug|Any CPU
		{DF17306B-A368-D258-4C4D-AAC6092D1F54}.Debug|Any CPU.Build.0 = Debug|Any CPU
		{DF17306B-A368-D258-4C4D-AAC6092D1F54}.Release|Any CPU.ActiveCfg = Release|Any CPU
		{DF17306B-A368-D258-4C4D-AAC6092D1F54}.Release|Any CPU.Build.0 = Release|Any CPU
		{B895F498-5B97-8021-9141-059C049541B6}.Debug|Any CPU.ActiveCfg = Debug|Any CPU
		{B895F498-5B97-8021-9141-059C049541B6}.Debug|Any CPU.Build.0 = Debug|Any CPU
		{B895F498-5B97-8021-9141-059C049541B6}.Release|Any CPU.ActiveCfg = Release|Any CPU
		{B895F498-5B97-8021-9141-059C049541B6}.Release|Any CPU.Build.0 = Release|Any CPU
	EndGlobalSection
	GlobalSection(SolutionProperties) = preSolution
		HideSolutionNode = FALSE
	EndGlobalSection
EndGlobal
