Microsoft Visual Studio Solution File, Format Version 11.00
# Visual Studio 2008

Project("{19DEBFBE-F26A-47AA-E47A-A1270A865B8F}") = "VR-Martial-Arts", "Assembly-CSharp-firstpass.csproj", "{4ED42936-B8F0-DA4C-2069-0E31C846771F}"
EndProject
Project("{19DEBFBE-F26A-47AA-E47A-A1270A865B8F}") = "VR-Martial-Arts", "Assembly-CSharp.csproj", "{2D7685FF-44FC-0B0A-235E-F619A4C7370A}"
EndProject
Project("{19DEBFBE-F26A-47AA-E47A-A1270A865B8F}") = "VR-Martial-Arts", "Assembly-CSharp-Editor-firstpass.csproj", "{C811EF77-F57D-1A44-6DE5-D607A91E65E7}"
EndProject
Project("{19DEBFBE-F26A-47AA-E47A-A1270A865B8F}") = "VR-Martial-Arts", "Assembly-CSharp-Editor.csproj", "{3EF575D2-F1BE-92E3-B79B-4ACD8766595F}"
EndProject
Global
	GlobalSection(SolutionConfigurationPlatforms) = preSolution
		Debug|Any CPU = Debug|Any CPU
		Release|Any CPU = Release|Any CPU
	EndGlobalSection
	GlobalSection(ProjectConfigurationPlatforms) = postSolution
		{4ED42936-B8F0-DA4C-2069-0E31C846771F}.Debug|Any CPU.ActiveCfg = Debug|Any CPU
		{4ED42936-B8F0-DA4C-2069-0E31C846771F}.Debug|Any CPU.Build.0 = Debug|Any CPU
		{4ED42936-B8F0-DA4C-2069-0E31C846771F}.Release|Any CPU.ActiveCfg = Release|Any CPU
		{4ED42936-B8F0-DA4C-2069-0E31C846771F}.Release|Any CPU.Build.0 = Release|Any CPU
		{2D7685FF-44FC-0B0A-235E-F619A4C7370A}.Debug|Any CPU.ActiveCfg = Debug|Any CPU
		{2D7685FF-44FC-0B0A-235E-F619A4C7370A}.Debug|Any CPU.Build.0 = Debug|Any CPU
		{2D7685FF-44FC-0B0A-235E-F619A4C7370A}.Release|Any CPU.ActiveCfg = Release|Any CPU
		{2D7685FF-44FC-0B0A-235E-F619A4C7370A}.Release|Any CPU.Build.0 = Release|Any CPU
		{C811EF77-F57D-1A44-6DE5-D607A91E65E7}.Debug|Any CPU.ActiveCfg = Debug|Any CPU
		{C811EF77-F57D-1A44-6DE5-D607A91E65E7}.Debug|Any CPU.Build.0 = Debug|Any CPU
		{C811EF77-F57D-1A44-6DE5-D607A91E65E7}.Release|Any CPU.ActiveCfg = Release|Any CPU
		{C811EF77-F57D-1A44-6DE5-D607A91E65E7}.Release|Any CPU.Build.0 = Release|Any CPU
		{3EF575D2-F1BE-92E3-B79B-4ACD8766595F}.Debug|Any CPU.ActiveCfg = Debug|Any CPU
		{3EF575D2-F1BE-92E3-B79B-4ACD8766595F}.Debug|Any CPU.Build.0 = Debug|Any CPU
		{3EF575D2-F1BE-92E3-B79B-4ACD8766595F}.Release|Any CPU.ActiveCfg = Release|Any CPU
		{3EF575D2-F1BE-92E3-B79B-4ACD8766595F}.Release|Any CPU.Build.0 = Release|Any CPU
	EndGlobalSection
	GlobalSection(SolutionProperties) = preSolution
		HideSolutionNode = FALSE
	EndGlobalSection
	GlobalSection(MonoDevelopProperties) = preSolution
		StartupItem = Assembly-CSharp.csproj
	EndGlobalSection
EndGlobal
